
Microsoft Visual Studio Solution File, Format Version 12.00
# Visual Studio Version 16
VisualStudioVersion = 16.0.32802.440
MinimumVisualStudioVersion = 10.0.40219.1
Project("{2150E333-8FDC-42A3-9474-1A3956D46DE8}") = "Services", "Services", "{F566E053-3206-4F02-95CC-1936138F64BB}"
EndProject
Project("{2150E333-8FDC-42A3-9474-1A3956D46DE8}") = "Catolog", "Catolog", "{556AA0AE-B030-481A-8FAF-40FAD2C5B52E}"
EndProject
Project("{9A19103F-16F7-4668-BE54-9A1E7A4F7556}") = "Catalog.API", "Services\Catalog\Catalog.API\Catalog.API.csproj", "{A849DC4A-D734-4835-9011-DA63CA2727A5}"
EndProject
Project("{E53339B2-1760-4266-BCC7-CA923CBCF16C}") = "docker-compose", "docker-compose.dcproj", "{886883EA-169F-43C0-908B-318098BE6160}"
EndProject
Project("{2150E333-8FDC-42A3-9474-1A3956D46DE8}") = "Basket", "Basket", "{35A83069-2C48-4B92-A5F9-2AFFD8A2416B}"
EndProject
Project("{9A19103F-16F7-4668-BE54-9A1E7A4F7556}") = "Basket.API", "Services\Basket\Basket.API\Basket.API.csproj", "{AB64E880-4AEA-4FF0-9637-EADAB7D5E473}"
EndProject
Project("{2150E333-8FDC-42A3-9474-1A3956D46DE8}") = "Discount", "Discount", "{748F4B82-985A-4039-9FF9-BC9F6E3ED23A}"
EndProject
Project("{9A19103F-16F7-4668-BE54-9A1E7A4F7556}") = "Discount.API", "Services\Discount\Discount.API\Discount.API.csproj", "{9B06660B-A105-4CD7-A6F5-D39C8853B8DB}"
EndProject
Project("{9A19103F-16F7-4668-BE54-9A1E7A4F7556}") = "Discount.Grpc", "Services\Discount\Discount.Grpc\Discount.Grpc.csproj", "{D7CD546E-AFC6-4028-8177-FE5B9CB14681}"
EndProject
Project("{2150E333-8FDC-42A3-9474-1A3956D46DE8}") = "Ordering", "Ordering", "{61721EF6-F899-4E5B-AA86-D6B742FADDF8}"
EndProject
Project("{9A19103F-16F7-4668-BE54-9A1E7A4F7556}") = "Ordering.API", "Services\Ordering\Ordering.API\Ordering.API.csproj", "{2D29DA85-C2A2-43D0-93D0-CC279DB585A9}"
EndProject
Project("{9A19103F-16F7-4668-BE54-9A1E7A4F7556}") = "Ordering.Domain", "Services\Ordering\Ordering.Domain\Ordering.Domain.csproj", "{EFEB3A59-E099-4609-8C39-61249C5B9412}"
EndProject
Project("{9A19103F-16F7-4668-BE54-9A1E7A4F7556}") = "Ordering.Application", "Services\Ordering\Ordering.Application\Ordering.Application.csproj", "{FA071EB9-609A-457B-B6EF-FD59BC63A534}"
EndProject
Project("{9A19103F-16F7-4668-BE54-9A1E7A4F7556}") = "Ordering.Infrastructure", "Services\Ordering\Ordering.Infrastructure\Ordering.Infrastructure.csproj", "{22BAFE8D-CC84-44D9-85DC-34F88716FC78}"
EndProject
Project("{2150E333-8FDC-42A3-9474-1A3956D46DE8}") = "BuildingBlocks", "BuildingBlocks", "{3848A7CB-49A7-4B7B-9A0F-727EB999A923}"
EndProject
Project("{FAE04EC0-301F-11D3-BF4B-00C04F79EFBC}") = "EventBus.Messages", "BuildingBlocks\EventBus.Messages\EventBus.Messages.csproj", "{15CE63B3-C7E5-413A-9EBA-14191537CA7B}"
EndProject
Project("{2150E333-8FDC-42A3-9474-1A3956D46DE8}") = "ApiGateways", "ApiGateways", "{A4970279-2664-4C62-8173-BB6EF744925B}"
EndProject
Project("{FAE04EC0-301F-11D3-BF4B-00C04F79EFBC}") = "OcelotApiGw", "ApiGateways\OcelotApiGw\OcelotApiGw.csproj", "{1FE2FFB4-1B14-44A2-81AA-895A1C2DD031}"
EndProject
Global
	GlobalSection(SolutionConfigurationPlatforms) = preSolution
		Debug|Any CPU = Debug|Any CPU
		Release|Any CPU = Release|Any CPU
	EndGlobalSection
	GlobalSection(ProjectConfigurationPlatforms) = postSolution
		{A849DC4A-D734-4835-9011-DA63CA2727A5}.Debug|Any CPU.ActiveCfg = Debug|Any CPU
		{A849DC4A-D734-4835-9011-DA63CA2727A5}.Debug|Any CPU.Build.0 = Debug|Any CPU
		{A849DC4A-D734-4835-9011-DA63CA2727A5}.Release|Any CPU.ActiveCfg = Release|Any CPU
		{A849DC4A-D734-4835-9011-DA63CA2727A5}.Release|Any CPU.Build.0 = Release|Any CPU
		{886883EA-169F-43C0-908B-318098BE6160}.Debug|Any CPU.ActiveCfg = Debug|Any CPU
		{886883EA-169F-43C0-908B-318098BE6160}.Debug|Any CPU.Build.0 = Debug|Any CPU
		{886883EA-169F-43C0-908B-318098BE6160}.Release|Any CPU.ActiveCfg = Release|Any CPU
		{886883EA-169F-43C0-908B-318098BE6160}.Release|Any CPU.Build.0 = Release|Any CPU
		{AB64E880-4AEA-4FF0-9637-EADAB7D5E473}.Debug|Any CPU.ActiveCfg = Debug|Any CPU
		{AB64E880-4AEA-4FF0-9637-EADAB7D5E473}.Debug|Any CPU.Build.0 = Debug|Any CPU
		{AB64E880-4AEA-4FF0-9637-EADAB7D5E473}.Release|Any CPU.ActiveCfg = Release|Any CPU
		{AB64E880-4AEA-4FF0-9637-EADAB7D5E473}.Release|Any CPU.Build.0 = Release|Any CPU
		{9B06660B-A105-4CD7-A6F5-D39C8853B8DB}.Debug|Any CPU.ActiveCfg = Debug|Any CPU
		{9B06660B-A105-4CD7-A6F5-D39C8853B8DB}.Debug|Any CPU.Build.0 = Debug|Any CPU
		{9B06660B-A105-4CD7-A6F5-D39C8853B8DB}.Release|Any CPU.ActiveCfg = Release|Any CPU
		{9B06660B-A105-4CD7-A6F5-D39C8853B8DB}.Release|Any CPU.Build.0 = Release|Any CPU
		{D7CD546E-AFC6-4028-8177-FE5B9CB14681}.Debug|Any CPU.ActiveCfg = Debug|Any CPU
		{D7CD546E-AFC6-4028-8177-FE5B9CB14681}.Debug|Any CPU.Build.0 = Debug|Any CPU
		{D7CD546E-AFC6-4028-8177-FE5B9CB14681}.Release|Any CPU.ActiveCfg = Release|Any CPU
		{D7CD546E-AFC6-4028-8177-FE5B9CB14681}.Release|Any CPU.Build.0 = Release|Any CPU
		{2D29DA85-C2A2-43D0-93D0-CC279DB585A9}.Debug|Any CPU.ActiveCfg = Debug|Any CPU
		{2D29DA85-C2A2-43D0-93D0-CC279DB585A9}.Debug|Any CPU.Build.0 = Debug|Any CPU
		{2D29DA85-C2A2-43D0-93D0-CC279DB585A9}.Release|Any CPU.ActiveCfg = Release|Any CPU
		{2D29DA85-C2A2-43D0-93D0-CC279DB585A9}.Release|Any CPU.Build.0 = Release|Any CPU
		{EFEB3A59-E099-4609-8C39-61249C5B9412}.Debug|Any CPU.ActiveCfg = Debug|Any CPU
		{EFEB3A59-E099-4609-8C39-61249C5B9412}.Debug|Any CPU.Build.0 = Debug|Any CPU
		{EFEB3A59-E099-4609-8C39-61249C5B9412}.Release|Any CPU.ActiveCfg = Release|Any CPU
		{EFEB3A59-E099-4609-8C39-61249C5B9412}.Release|Any CPU.Build.0 = Release|Any CPU
		{FA071EB9-609A-457B-B6EF-FD59BC63A534}.Debug|Any CPU.ActiveCfg = Debug|Any CPU
		{FA071EB9-609A-457B-B6EF-FD59BC63A534}.Debug|Any CPU.Build.0 = Debug|Any CPU
		{FA071EB9-609A-457B-B6EF-FD59BC63A534}.Release|Any CPU.ActiveCfg = Release|Any CPU
		{FA071EB9-609A-457B-B6EF-FD59BC63A534}.Release|Any CPU.Build.0 = Release|Any CPU
		{22BAFE8D-CC84-44D9-85DC-34F88716FC78}.Debug|Any CPU.ActiveCfg = Debug|Any CPU
		{22BAFE8D-CC84-44D9-85DC-34F88716FC78}.Debug|Any CPU.Build.0 = Debug|Any CPU
		{22BAFE8D-CC84-44D9-85DC-34F88716FC78}.Release|Any CPU.ActiveCfg = Release|Any CPU
		{22BAFE8D-CC84-44D9-85DC-34F88716FC78}.Release|Any CPU.Build.0 = Release|Any CPU
		{15CE63B3-C7E5-413A-9EBA-14191537CA7B}.Debug|Any CPU.ActiveCfg = Debug|Any CPU
		{15CE63B3-C7E5-413A-9EBA-14191537CA7B}.Debug|Any CPU.Build.0 = Debug|Any CPU
		{15CE63B3-C7E5-413A-9EBA-14191537CA7B}.Release|Any CPU.ActiveCfg = Release|Any CPU
		{15CE63B3-C7E5-413A-9EBA-14191537CA7B}.Release|Any CPU.Build.0 = Release|Any CPU
		{1FE2FFB4-1B14-44A2-81AA-895A1C2DD031}.Debug|Any CPU.ActiveCfg = Debug|Any CPU
		{1FE2FFB4-1B14-44A2-81AA-895A1C2DD031}.Debug|Any CPU.Build.0 = Debug|Any CPU
		{1FE2FFB4-1B14-44A2-81AA-895A1C2DD031}.Release|Any CPU.ActiveCfg = Release|Any CPU
		{1FE2FFB4-1B14-44A2-81AA-895A1C2DD031}.Release|Any CPU.Build.0 = Release|Any CPU
	EndGlobalSection
	GlobalSection(SolutionProperties) = preSolution
		HideSolutionNode = FALSE
	EndGlobalSection
	GlobalSection(NestedProjects) = preSolution
		{556AA0AE-B030-481A-8FAF-40FAD2C5B52E} = {F566E053-3206-4F02-95CC-1936138F64BB}
		{A849DC4A-D734-4835-9011-DA63CA2727A5} = {556AA0AE-B030-481A-8FAF-40FAD2C5B52E}
		{35A83069-2C48-4B92-A5F9-2AFFD8A2416B} = {F566E053-3206-4F02-95CC-1936138F64BB}
		{AB64E880-4AEA-4FF0-9637-EADAB7D5E473} = {35A83069-2C48-4B92-A5F9-2AFFD8A2416B}
		{748F4B82-985A-4039-9FF9-BC9F6E3ED23A} = {F566E053-3206-4F02-95CC-1936138F64BB}
		{9B06660B-A105-4CD7-A6F5-D39C8853B8DB} = {748F4B82-985A-4039-9FF9-BC9F6E3ED23A}
		{D7CD546E-AFC6-4028-8177-FE5B9CB14681} = {748F4B82-985A-4039-9FF9-BC9F6E3ED23A}
		{61721EF6-F899-4E5B-AA86-D6B742FADDF8} = {F566E053-3206-4F02-95CC-1936138F64BB}
		{2D29DA85-C2A2-43D0-93D0-CC279DB585A9} = {61721EF6-F899-4E5B-AA86-D6B742FADDF8}
		{EFEB3A59-E099-4609-8C39-61249C5B9412} = {61721EF6-F899-4E5B-AA86-D6B742FADDF8}
		{FA071EB9-609A-457B-B6EF-FD59BC63A534} = {61721EF6-F899-4E5B-AA86-D6B742FADDF8}
		{22BAFE8D-CC84-44D9-85DC-34F88716FC78} = {61721EF6-F899-4E5B-AA86-D6B742FADDF8}
		{15CE63B3-C7E5-413A-9EBA-14191537CA7B} = {3848A7CB-49A7-4B7B-9A0F-727EB999A923}
		{1FE2FFB4-1B14-44A2-81AA-895A1C2DD031} = {A4970279-2664-4C62-8173-BB6EF744925B}
	EndGlobalSection
	GlobalSection(ExtensibilityGlobals) = postSolution
		SolutionGuid = {7F34815C-425C-4ED5-9903-769A871E41A3}
	EndGlobalSection
EndGlobal
