
Microsoft Visual Studio Solution File, Format Version 12.00
# Visual Studio Version 16
VisualStudioVersion = 16.0.32802.440
MinimumVisualStudioVersion = 10.0.40219.1
Project("{2150E333-8FDC-42A3-9474-1A3956D46DE8}") = "Services", "Services", "{F566E053-3206-4F02-95CC-1936138F64BB}"
EndProject
Project("{2150E333-8FDC-42A3-9474-1A3956D46DE8}") = "Catolog", "Catolog", "{556AA0AE-B030-481A-8FAF-40FAD2C5B52E}"
EndProject
Project("{9A19103F-16F7-4668-BE54-9A1E7A4F7556}") = "Catalog.API", "Services\Catalog\Catalog.API\Catalog.API.csproj", "{A849DC4A-D734-4835-9011-DA63CA2727A5}"
EndProject
Project("{E53339B2-1760-4266-BCC7-CA923CBCF16C}") = "docker-compose", "docker-compose.dcproj", "{886883EA-169F-43C0-908B-318098BE6160}"
EndProject
Global
	GlobalSection(SolutionConfigurationPlatforms) = preSolution
		Debug|Any CPU = Debug|Any CPU
		Release|Any CPU = Release|Any CPU
	EndGlobalSection
	GlobalSection(ProjectConfigurationPlatforms) = postSolution
		{A849DC4A-D734-4835-9011-DA63CA2727A5}.Debug|Any CPU.ActiveCfg = Debug|Any CPU
		{A849DC4A-D734-4835-9011-DA63CA2727A5}.Debug|Any CPU.Build.0 = Debug|Any CPU
		{A849DC4A-D734-4835-9011-DA63CA2727A5}.Release|Any CPU.ActiveCfg = Release|Any CPU
		{A849DC4A-D734-4835-9011-DA63CA2727A5}.Release|Any CPU.Build.0 = Release|Any CPU
		{886883EA-169F-43C0-908B-318098BE6160}.Debug|Any CPU.ActiveCfg = Debug|Any CPU
		{886883EA-169F-43C0-908B-318098BE6160}.Debug|Any CPU.Build.0 = Debug|Any CPU
		{886883EA-169F-43C0-908B-318098BE6160}.Release|Any CPU.ActiveCfg = Release|Any CPU
		{886883EA-169F-43C0-908B-318098BE6160}.Release|Any CPU.Build.0 = Release|Any CPU
	EndGlobalSection
	GlobalSection(SolutionProperties) = preSolution
		HideSolutionNode = FALSE
	EndGlobalSection
	GlobalSection(NestedProjects) = preSolution
		{556AA0AE-B030-481A-8FAF-40FAD2C5B52E} = {F566E053-3206-4F02-95CC-1936138F64BB}
		{A849DC4A-D734-4835-9011-DA63CA2727A5} = {556AA0AE-B030-481A-8FAF-40FAD2C5B52E}
	EndGlobalSection
	GlobalSection(ExtensibilityGlobals) = postSolution
		SolutionGuid = {7F34815C-425C-4ED5-9903-769A871E41A3}
	EndGlobalSection
EndGlobal
